
Microsoft Visual Studio Solution File, Format Version 12.00
Project("{FAE04EC0-301F-11D3-BF4B-00C04F79EFBC}") = "AdventOfCode", "AdventOfCode.csproj", "{A035F6FA-C895-4A4A-8E3F-94B17BB9BF6C}"
EndProject
Global
	GlobalSection(SolutionConfigurationPlatforms) = preSolution
		Debug|Any CPU = Debug|Any CPU
		Release|Any CPU = Release|Any CPU
	EndGlobalSection
	GlobalSection(ProjectConfigurationPlatforms) = postSolution
		{A035F6FA-C895-4A4A-8E3F-94B17BB9BF6C}.Debug|Any CPU.ActiveCfg = Debug|Any CPU
		{A035F6FA-C895-4A4A-8E3F-94B17BB9BF6C}.Debug|Any CPU.Build.0 = Debug|Any CPU
		{A035F6FA-C895-4A4A-8E3F-94B17BB9BF6C}.Release|Any CPU.ActiveCfg = Release|Any CPU
		{A035F6FA-C895-4A4A-8E3F-94B17BB9BF6C}.Release|Any CPU.Build.0 = Release|Any CPU
	EndGlobalSection
EndGlobal
